
Microsoft Visual Studio Solution File, Format Version 12.00
# Visual Studio 15
VisualStudioVersion = 15.0.27004.2010
MinimumVisualStudioVersion = 10.0.40219.1
Project("{8BC9CEB8-8B4A-11D0-8D11-00A0C91BC942}") = "practica1", "practica1\practica1.vcxproj", "{C82F8CBD-FCF8-4092-BAA0-38A97FE997F8}"
EndProject
Project("{8BC9CEB8-8B4A-11D0-8D11-00A0C91BC942}") = "practica2", "practica2\practica2.vcxproj", "{0FA4B7AF-D515-4E8C-9A4E-CA496F1AD5CD}"
EndProject
Project("{8BC9CEB8-8B4A-11D0-8D11-00A0C91BC942}") = "practica3", "practica3\practica3.vcxproj", "{7AF84B36-F7F4-4939-AA88-AD5480910BA1}"
EndProject
Project("{8BC9CEB8-8B4A-11D0-8D11-00A0C91BC942}") = "practica4", "practica4\practica4.vcxproj", "{1D9ED8FB-8278-4E6B-B3F0-0CAA5B03FA5E}"
EndProject
Project("{8BC9CEB8-8B4A-11D0-8D11-00A0C91BC942}") = "practica5", "practica5\practica5.vcxproj", "{2E1B007E-CD67-4237-BF0A-86B5D01E5FA9}"
EndProject
Project("{8BC9CEB8-8B4A-11D0-8D11-00A0C91BC942}") = "practica7", "practica7\practica7.vcxproj", "{35116D5C-686E-4AA4-8865-9E2087F7284B}"
EndProject
Project("{8BC9CEB8-8B4A-11D0-8D11-00A0C91BC942}") = "practica8", "practica8\practica8.vcxproj", "{7BB88E6E-E5BD-4863-B500-C082DEAE190E}"
EndProject
Project("{8BC9CEB8-8B4A-11D0-8D11-00A0C91BC942}") = "practica6", "practica6\practica6.vcxproj", "{118D5B3E-BF20-4E1F-8317-F2FBFCDED136}"
EndProject
Project("{8BC9CEB8-8B4A-11D0-8D11-00A0C91BC942}") = "practica9", "practica9\practica9.vcxproj", "{8DA584BE-086A-4FE8-A23A-556E37449714}"
EndProject
Project("{8BC9CEB8-8B4A-11D0-8D11-00A0C91BC942}") = "practica10", "practica10\practica10.vcxproj", "{0FCEF468-5B33-4972-A320-21E017F2BAAC}"
EndProject
Project("{8BC9CEB8-8B4A-11D0-8D11-00A0C91BC942}") = "practica11", "practica11\practica11.vcxproj", "{80387A6E-F938-4031-AEF1-477357E13F9F}"
EndProject
Project("{8BC9CEB8-8B4A-11D0-8D11-00A0C91BC942}") = "practica12", "practica12\practica12.vcxproj", "{0E7D78DB-69E6-42CA-963F-3613B1864E40}"
EndProject
Project("{8BC9CEB8-8B4A-11D0-8D11-00A0C91BC942}") = "practica14", "practica14\practica14.vcxproj", "{9EA90D29-42F6-4E6E-896D-C681AD19403E}"
EndProject
Project("{8BC9CEB8-8B4A-11D0-8D11-00A0C91BC942}") = "practica15", "practica15\practica15.vcxproj", "{176B558E-99CD-4F4F-932B-2C409BF6AC66}"
EndProject
Project("{8BC9CEB8-8B4A-11D0-8D11-00A0C91BC942}") = "practica16", "practica16\practica16.vcxproj", "{C6AA55EB-45F6-4BB3-8AA7-0067EFABEEDA}"
EndProject
Project("{8BC9CEB8-8B4A-11D0-8D11-00A0C91BC942}") = "practica17", "practica17\practica17.vcxproj", "{3BC945F4-B9B1-4E73-85BB-AE414E6C7310}"
EndProject
Project("{8BC9CEB8-8B4A-11D0-8D11-00A0C91BC942}") = "practica18", "practica18\practica18.vcxproj", "{98EA85E0-B83A-4404-842C-88DEBC6F3654}"
EndProject
Project("{8BC9CEB8-8B4A-11D0-8D11-00A0C91BC942}") = "practica13", "practica13\practica13.vcxproj", "{BC5659B9-CD4D-4D92-B754-81CF272FC5DF}"
EndProject
Project("{8BC9CEB8-8B4A-11D0-8D11-00A0C91BC942}") = "practica20", "practica20\practica20.vcxproj", "{A35B813C-9086-4B9E-A22C-881C42859002}"
EndProject
Project("{8BC9CEB8-8B4A-11D0-8D11-00A0C91BC942}") = "practica19", "practica19\practica19.vcxproj", "{9E68E857-06F9-45EC-91F6-4ACD55F7A7F7}"
EndProject
Global
	GlobalSection(SolutionConfigurationPlatforms) = preSolution
		Debug|x64 = Debug|x64
		Debug|x86 = Debug|x86
		Release|x64 = Release|x64
		Release|x86 = Release|x86
	EndGlobalSection
	GlobalSection(ProjectConfigurationPlatforms) = postSolution
		{C82F8CBD-FCF8-4092-BAA0-38A97FE997F8}.Debug|x64.ActiveCfg = Debug|x64
		{C82F8CBD-FCF8-4092-BAA0-38A97FE997F8}.Debug|x64.Build.0 = Debug|x64
		{C82F8CBD-FCF8-4092-BAA0-38A97FE997F8}.Debug|x86.ActiveCfg = Debug|Win32
		{C82F8CBD-FCF8-4092-BAA0-38A97FE997F8}.Debug|x86.Build.0 = Debug|Win32
		{C82F8CBD-FCF8-4092-BAA0-38A97FE997F8}.Release|x64.ActiveCfg = Release|x64
		{C82F8CBD-FCF8-4092-BAA0-38A97FE997F8}.Release|x64.Build.0 = Release|x64
		{C82F8CBD-FCF8-4092-BAA0-38A97FE997F8}.Release|x86.ActiveCfg = Release|Win32
		{C82F8CBD-FCF8-4092-BAA0-38A97FE997F8}.Release|x86.Build.0 = Release|Win32
		{0FA4B7AF-D515-4E8C-9A4E-CA496F1AD5CD}.Debug|x64.ActiveCfg = Debug|x64
		{0FA4B7AF-D515-4E8C-9A4E-CA496F1AD5CD}.Debug|x64.Build.0 = Debug|x64
		{0FA4B7AF-D515-4E8C-9A4E-CA496F1AD5CD}.Debug|x86.ActiveCfg = Debug|Win32
		{0FA4B7AF-D515-4E8C-9A4E-CA496F1AD5CD}.Debug|x86.Build.0 = Debug|Win32
		{0FA4B7AF-D515-4E8C-9A4E-CA496F1AD5CD}.Release|x64.ActiveCfg = Release|x64
		{0FA4B7AF-D515-4E8C-9A4E-CA496F1AD5CD}.Release|x64.Build.0 = Release|x64
		{0FA4B7AF-D515-4E8C-9A4E-CA496F1AD5CD}.Release|x86.ActiveCfg = Release|Win32
		{0FA4B7AF-D515-4E8C-9A4E-CA496F1AD5CD}.Release|x86.Build.0 = Release|Win32
		{7AF84B36-F7F4-4939-AA88-AD5480910BA1}.Debug|x64.ActiveCfg = Debug|x64
		{7AF84B36-F7F4-4939-AA88-AD5480910BA1}.Debug|x64.Build.0 = Debug|x64
		{7AF84B36-F7F4-4939-AA88-AD5480910BA1}.Debug|x86.ActiveCfg = Debug|Win32
		{7AF84B36-F7F4-4939-AA88-AD5480910BA1}.Debug|x86.Build.0 = Debug|Win32
		{7AF84B36-F7F4-4939-AA88-AD5480910BA1}.Release|x64.ActiveCfg = Release|x64
		{7AF84B36-F7F4-4939-AA88-AD5480910BA1}.Release|x64.Build.0 = Release|x64
		{7AF84B36-F7F4-4939-AA88-AD5480910BA1}.Release|x86.ActiveCfg = Release|Win32
		{7AF84B36-F7F4-4939-AA88-AD5480910BA1}.Release|x86.Build.0 = Release|Win32
		{1D9ED8FB-8278-4E6B-B3F0-0CAA5B03FA5E}.Debug|x64.ActiveCfg = Debug|x64
		{1D9ED8FB-8278-4E6B-B3F0-0CAA5B03FA5E}.Debug|x64.Build.0 = Debug|x64
		{1D9ED8FB-8278-4E6B-B3F0-0CAA5B03FA5E}.Debug|x86.ActiveCfg = Debug|Win32
		{1D9ED8FB-8278-4E6B-B3F0-0CAA5B03FA5E}.Debug|x86.Build.0 = Debug|Win32
		{1D9ED8FB-8278-4E6B-B3F0-0CAA5B03FA5E}.Release|x64.ActiveCfg = Release|x64
		{1D9ED8FB-8278-4E6B-B3F0-0CAA5B03FA5E}.Release|x64.Build.0 = Release|x64
		{1D9ED8FB-8278-4E6B-B3F0-0CAA5B03FA5E}.Release|x86.ActiveCfg = Release|Win32
		{1D9ED8FB-8278-4E6B-B3F0-0CAA5B03FA5E}.Release|x86.Build.0 = Release|Win32
		{2E1B007E-CD67-4237-BF0A-86B5D01E5FA9}.Debug|x64.ActiveCfg = Debug|x64
		{2E1B007E-CD67-4237-BF0A-86B5D01E5FA9}.Debug|x64.Build.0 = Debug|x64
		{2E1B007E-CD67-4237-BF0A-86B5D01E5FA9}.Debug|x86.ActiveCfg = Debug|Win32
		{2E1B007E-CD67-4237-BF0A-86B5D01E5FA9}.Debug|x86.Build.0 = Debug|Win32
		{2E1B007E-CD67-4237-BF0A-86B5D01E5FA9}.Release|x64.ActiveCfg = Release|x64
		{2E1B007E-CD67-4237-BF0A-86B5D01E5FA9}.Release|x64.Build.0 = Release|x64
		{2E1B007E-CD67-4237-BF0A-86B5D01E5FA9}.Release|x86.ActiveCfg = Release|Win32
		{2E1B007E-CD67-4237-BF0A-86B5D01E5FA9}.Release|x86.Build.0 = Release|Win32
		{35116D5C-686E-4AA4-8865-9E2087F7284B}.Debug|x64.ActiveCfg = Debug|x64
		{35116D5C-686E-4AA4-8865-9E2087F7284B}.Debug|x64.Build.0 = Debug|x64
		{35116D5C-686E-4AA4-8865-9E2087F7284B}.Debug|x86.ActiveCfg = Debug|Win32
		{35116D5C-686E-4AA4-8865-9E2087F7284B}.Debug|x86.Build.0 = Debug|Win32
		{35116D5C-686E-4AA4-8865-9E2087F7284B}.Release|x64.ActiveCfg = Release|x64
		{35116D5C-686E-4AA4-8865-9E2087F7284B}.Release|x64.Build.0 = Release|x64
		{35116D5C-686E-4AA4-8865-9E2087F7284B}.Release|x86.ActiveCfg = Release|Win32
		{35116D5C-686E-4AA4-8865-9E2087F7284B}.Release|x86.Build.0 = Release|Win32
		{7BB88E6E-E5BD-4863-B500-C082DEAE190E}.Debug|x64.ActiveCfg = Debug|x64
		{7BB88E6E-E5BD-4863-B500-C082DEAE190E}.Debug|x64.Build.0 = Debug|x64
		{7BB88E6E-E5BD-4863-B500-C082DEAE190E}.Debug|x86.ActiveCfg = Debug|Win32
		{7BB88E6E-E5BD-4863-B500-C082DEAE190E}.Debug|x86.Build.0 = Debug|Win32
		{7BB88E6E-E5BD-4863-B500-C082DEAE190E}.Release|x64.ActiveCfg = Release|x64
		{7BB88E6E-E5BD-4863-B500-C082DEAE190E}.Release|x64.Build.0 = Release|x64
		{7BB88E6E-E5BD-4863-B500-C082DEAE190E}.Release|x86.ActiveCfg = Release|Win32
		{7BB88E6E-E5BD-4863-B500-C082DEAE190E}.Release|x86.Build.0 = Release|Win32
		{118D5B3E-BF20-4E1F-8317-F2FBFCDED136}.Debug|x64.ActiveCfg = Debug|x64
		{118D5B3E-BF20-4E1F-8317-F2FBFCDED136}.Debug|x64.Build.0 = Debug|x64
		{118D5B3E-BF20-4E1F-8317-F2FBFCDED136}.Debug|x86.ActiveCfg = Debug|Win32
		{118D5B3E-BF20-4E1F-8317-F2FBFCDED136}.Debug|x86.Build.0 = Debug|Win32
		{118D5B3E-BF20-4E1F-8317-F2FBFCDED136}.Release|x64.ActiveCfg = Release|x64
		{118D5B3E-BF20-4E1F-8317-F2FBFCDED136}.Release|x64.Build.0 = Release|x64
		{118D5B3E-BF20-4E1F-8317-F2FBFCDED136}.Release|x86.ActiveCfg = Release|Win32
		{118D5B3E-BF20-4E1F-8317-F2FBFCDED136}.Release|x86.Build.0 = Release|Win32
		{8DA584BE-086A-4FE8-A23A-556E37449714}.Debug|x64.ActiveCfg = Debug|x64
		{8DA584BE-086A-4FE8-A23A-556E37449714}.Debug|x64.Build.0 = Debug|x64
		{8DA584BE-086A-4FE8-A23A-556E37449714}.Debug|x86.ActiveCfg = Debug|Win32
		{8DA584BE-086A-4FE8-A23A-556E37449714}.Debug|x86.Build.0 = Debug|Win32
		{8DA584BE-086A-4FE8-A23A-556E37449714}.Release|x64.ActiveCfg = Release|x64
		{8DA584BE-086A-4FE8-A23A-556E37449714}.Release|x64.Build.0 = Release|x64
		{8DA584BE-086A-4FE8-A23A-556E37449714}.Release|x86.ActiveCfg = Release|Win32
		{8DA584BE-086A-4FE8-A23A-556E37449714}.Release|x86.Build.0 = Release|Win32
		{0FCEF468-5B33-4972-A320-21E017F2BAAC}.Debug|x64.ActiveCfg = Debug|x64
		{0FCEF468-5B33-4972-A320-21E017F2BAAC}.Debug|x64.Build.0 = Debug|x64
		{0FCEF468-5B33-4972-A320-21E017F2BAAC}.Debug|x86.ActiveCfg = Debug|Win32
		{0FCEF468-5B33-4972-A320-21E017F2BAAC}.Debug|x86.Build.0 = Debug|Win32
		{0FCEF468-5B33-4972-A320-21E017F2BAAC}.Release|x64.ActiveCfg = Release|x64
		{0FCEF468-5B33-4972-A320-21E017F2BAAC}.Release|x64.Build.0 = Release|x64
		{0FCEF468-5B33-4972-A320-21E017F2BAAC}.Release|x86.ActiveCfg = Release|Win32
		{0FCEF468-5B33-4972-A320-21E017F2BAAC}.Release|x86.Build.0 = Release|Win32
		{80387A6E-F938-4031-AEF1-477357E13F9F}.Debug|x64.ActiveCfg = Debug|x64
		{80387A6E-F938-4031-AEF1-477357E13F9F}.Debug|x64.Build.0 = Debug|x64
		{80387A6E-F938-4031-AEF1-477357E13F9F}.Debug|x86.ActiveCfg = Debug|Win32
		{80387A6E-F938-4031-AEF1-477357E13F9F}.Debug|x86.Build.0 = Debug|Win32
		{80387A6E-F938-4031-AEF1-477357E13F9F}.Release|x64.ActiveCfg = Release|x64
		{80387A6E-F938-4031-AEF1-477357E13F9F}.Release|x64.Build.0 = Release|x64
		{80387A6E-F938-4031-AEF1-477357E13F9F}.Release|x86.ActiveCfg = Release|Win32
		{80387A6E-F938-4031-AEF1-477357E13F9F}.Release|x86.Build.0 = Release|Win32
		{0E7D78DB-69E6-42CA-963F-3613B1864E40}.Debug|x64.ActiveCfg = Debug|x64
		{0E7D78DB-69E6-42CA-963F-3613B1864E40}.Debug|x64.Build.0 = Debug|x64
		{0E7D78DB-69E6-42CA-963F-3613B1864E40}.Debug|x86.ActiveCfg = Debug|Win32
		{0E7D78DB-69E6-42CA-963F-3613B1864E40}.Debug|x86.Build.0 = Debug|Win32
		{0E7D78DB-69E6-42CA-963F-3613B1864E40}.Release|x64.ActiveCfg = Release|x64
		{0E7D78DB-69E6-42CA-963F-3613B1864E40}.Release|x64.Build.0 = Release|x64
		{0E7D78DB-69E6-42CA-963F-3613B1864E40}.Release|x86.ActiveCfg = Release|Win32
		{0E7D78DB-69E6-42CA-963F-3613B1864E40}.Release|x86.Build.0 = Release|Win32
		{9EA90D29-42F6-4E6E-896D-C681AD19403E}.Debug|x64.ActiveCfg = Debug|x64
		{9EA90D29-42F6-4E6E-896D-C681AD19403E}.Debug|x64.Build.0 = Debug|x64
		{9EA90D29-42F6-4E6E-896D-C681AD19403E}.Debug|x86.ActiveCfg = Debug|Win32
		{9EA90D29-42F6-4E6E-896D-C681AD19403E}.Debug|x86.Build.0 = Debug|Win32
		{9EA90D29-42F6-4E6E-896D-C681AD19403E}.Release|x64.ActiveCfg = Release|x64
		{9EA90D29-42F6-4E6E-896D-C681AD19403E}.Release|x64.Build.0 = Release|x64
		{9EA90D29-42F6-4E6E-896D-C681AD19403E}.Release|x86.ActiveCfg = Release|Win32
		{9EA90D29-42F6-4E6E-896D-C681AD19403E}.Release|x86.Build.0 = Release|Win32
		{176B558E-99CD-4F4F-932B-2C409BF6AC66}.Debug|x64.ActiveCfg = Debug|x64
		{176B558E-99CD-4F4F-932B-2C409BF6AC66}.Debug|x64.Build.0 = Debug|x64
		{176B558E-99CD-4F4F-932B-2C409BF6AC66}.Debug|x86.ActiveCfg = Debug|Win32
		{176B558E-99CD-4F4F-932B-2C409BF6AC66}.Debug|x86.Build.0 = Debug|Win32
		{176B558E-99CD-4F4F-932B-2C409BF6AC66}.Release|x64.ActiveCfg = Release|x64
		{176B558E-99CD-4F4F-932B-2C409BF6AC66}.Release|x64.Build.0 = Release|x64
		{176B558E-99CD-4F4F-932B-2C409BF6AC66}.Release|x86.ActiveCfg = Release|Win32
		{176B558E-99CD-4F4F-932B-2C409BF6AC66}.Release|x86.Build.0 = Release|Win32
		{C6AA55EB-45F6-4BB3-8AA7-0067EFABEEDA}.Debug|x64.ActiveCfg = Debug|x64
		{C6AA55EB-45F6-4BB3-8AA7-0067EFABEEDA}.Debug|x64.Build.0 = Debug|x64
		{C6AA55EB-45F6-4BB3-8AA7-0067EFABEEDA}.Debug|x86.ActiveCfg = Debug|Win32
		{C6AA55EB-45F6-4BB3-8AA7-0067EFABEEDA}.Debug|x86.Build.0 = Debug|Win32
		{C6AA55EB-45F6-4BB3-8AA7-0067EFABEEDA}.Release|x64.ActiveCfg = Release|x64
		{C6AA55EB-45F6-4BB3-8AA7-0067EFABEEDA}.Release|x64.Build.0 = Release|x64
		{C6AA55EB-45F6-4BB3-8AA7-0067EFABEEDA}.Release|x86.ActiveCfg = Release|Win32
		{C6AA55EB-45F6-4BB3-8AA7-0067EFABEEDA}.Release|x86.Build.0 = Release|Win32
		{3BC945F4-B9B1-4E73-85BB-AE414E6C7310}.Debug|x64.ActiveCfg = Debug|x64
		{3BC945F4-B9B1-4E73-85BB-AE414E6C7310}.Debug|x64.Build.0 = Debug|x64
		{3BC945F4-B9B1-4E73-85BB-AE414E6C7310}.Debug|x86.ActiveCfg = Debug|Win32
		{3BC945F4-B9B1-4E73-85BB-AE414E6C7310}.Debug|x86.Build.0 = Debug|Win32
		{3BC945F4-B9B1-4E73-85BB-AE414E6C7310}.Release|x64.ActiveCfg = Release|x64
		{3BC945F4-B9B1-4E73-85BB-AE414E6C7310}.Release|x64.Build.0 = Release|x64
		{3BC945F4-B9B1-4E73-85BB-AE414E6C7310}.Release|x86.ActiveCfg = Release|Win32
		{3BC945F4-B9B1-4E73-85BB-AE414E6C7310}.Release|x86.Build.0 = Release|Win32
		{98EA85E0-B83A-4404-842C-88DEBC6F3654}.Debug|x64.ActiveCfg = Debug|x64
		{98EA85E0-B83A-4404-842C-88DEBC6F3654}.Debug|x64.Build.0 = Debug|x64
		{98EA85E0-B83A-4404-842C-88DEBC6F3654}.Debug|x86.ActiveCfg = Debug|Win32
		{98EA85E0-B83A-4404-842C-88DEBC6F3654}.Debug|x86.Build.0 = Debug|Win32
		{98EA85E0-B83A-4404-842C-88DEBC6F3654}.Release|x64.ActiveCfg = Release|x64
		{98EA85E0-B83A-4404-842C-88DEBC6F3654}.Release|x64.Build.0 = Release|x64
		{98EA85E0-B83A-4404-842C-88DEBC6F3654}.Release|x86.ActiveCfg = Release|Win32
		{98EA85E0-B83A-4404-842C-88DEBC6F3654}.Release|x86.Build.0 = Release|Win32
		{BC5659B9-CD4D-4D92-B754-81CF272FC5DF}.Debug|x64.ActiveCfg = Debug|x64
		{BC5659B9-CD4D-4D92-B754-81CF272FC5DF}.Debug|x64.Build.0 = Debug|x64
		{BC5659B9-CD4D-4D92-B754-81CF272FC5DF}.Debug|x86.ActiveCfg = Debug|Win32
		{BC5659B9-CD4D-4D92-B754-81CF272FC5DF}.Debug|x86.Build.0 = Debug|Win32
		{BC5659B9-CD4D-4D92-B754-81CF272FC5DF}.Release|x64.ActiveCfg = Release|x64
		{BC5659B9-CD4D-4D92-B754-81CF272FC5DF}.Release|x64.Build.0 = Release|x64
		{BC5659B9-CD4D-4D92-B754-81CF272FC5DF}.Release|x86.ActiveCfg = Release|Win32
		{BC5659B9-CD4D-4D92-B754-81CF272FC5DF}.Release|x86.Build.0 = Release|Win32
		{A35B813C-9086-4B9E-A22C-881C42859002}.Debug|x64.ActiveCfg = Debug|x64
		{A35B813C-9086-4B9E-A22C-881C42859002}.Debug|x64.Build.0 = Debug|x64
		{A35B813C-9086-4B9E-A22C-881C42859002}.Debug|x86.ActiveCfg = Debug|Win32
		{A35B813C-9086-4B9E-A22C-881C42859002}.Debug|x86.Build.0 = Debug|Win32
		{A35B813C-9086-4B9E-A22C-881C42859002}.Release|x64.ActiveCfg = Release|x64
		{A35B813C-9086-4B9E-A22C-881C42859002}.Release|x64.Build.0 = Release|x64
		{A35B813C-9086-4B9E-A22C-881C42859002}.Release|x86.ActiveCfg = Release|Win32
		{A35B813C-9086-4B9E-A22C-881C42859002}.Release|x86.Build.0 = Release|Win32
		{9E68E857-06F9-45EC-91F6-4ACD55F7A7F7}.Debug|x64.ActiveCfg = Debug|x64
		{9E68E857-06F9-45EC-91F6-4ACD55F7A7F7}.Debug|x64.Build.0 = Debug|x64
		{9E68E857-06F9-45EC-91F6-4ACD55F7A7F7}.Debug|x86.ActiveCfg = Debug|Win32
		{9E68E857-06F9-45EC-91F6-4ACD55F7A7F7}.Debug|x86.Build.0 = Debug|Win32
		{9E68E857-06F9-45EC-91F6-4ACD55F7A7F7}.Release|x64.ActiveCfg = Release|x64
		{9E68E857-06F9-45EC-91F6-4ACD55F7A7F7}.Release|x64.Build.0 = Release|x64
		{9E68E857-06F9-45EC-91F6-4ACD55F7A7F7}.Release|x86.ActiveCfg = Release|Win32
		{9E68E857-06F9-45EC-91F6-4ACD55F7A7F7}.Release|x86.Build.0 = Release|Win32
	EndGlobalSection
	GlobalSection(SolutionProperties) = preSolution
		HideSolutionNode = FALSE
	EndGlobalSection
	GlobalSection(ExtensibilityGlobals) = postSolution
		SolutionGuid = {E4BE15DE-5669-464B-96D0-BB8966C33995}
	EndGlobalSection
EndGlobal
